
Microsoft Visual Studio Solution File, Format Version 12.00
# Visual Studio 2012
Project("{8BC9CEB8-8B4A-11D0-8D11-00A0C91BC942}") = "CurlingGame", "CurlingGame\CurlingGame.vcxproj", "{58A3ECB5-7A38-4979-9F5A-1E55E3B59DB0}"
EndProject
Project("{2150E333-8FDC-42A3-9474-1A3956D46DE8}") = "Engine", "Engine", "{69836EA5-F0FB-4486-82FE-2B6472C16DED}"
EndProject
Project("{8BC9CEB8-8B4A-11D0-8D11-00A0C91BC942}") = "Physics", "Physics\Physics.vcxproj", "{84289798-EBD8-4884-8B51-3F3B65B2A2D3}"
EndProject
Global
	GlobalSection(SolutionConfigurationPlatforms) = preSolution
		Debug|Win32 = Debug|Win32
		Release|Win32 = Release|Win32
	EndGlobalSection
	GlobalSection(ProjectConfigurationPlatforms) = postSolution
		{58A3ECB5-7A38-4979-9F5A-1E55E3B59DB0}.Debug|Win32.ActiveCfg = Debug|Win32
		{58A3ECB5-7A38-4979-9F5A-1E55E3B59DB0}.Debug|Win32.Build.0 = Debug|Win32
		{58A3ECB5-7A38-4979-9F5A-1E55E3B59DB0}.Release|Win32.ActiveCfg = Release|Win32
		{58A3ECB5-7A38-4979-9F5A-1E55E3B59DB0}.Release|Win32.Build.0 = Release|Win32
		{84289798-EBD8-4884-8B51-3F3B65B2A2D3}.Debug|Win32.ActiveCfg = Debug|Win32
		{84289798-EBD8-4884-8B51-3F3B65B2A2D3}.Debug|Win32.Build.0 = Debug|Win32
		{84289798-EBD8-4884-8B51-3F3B65B2A2D3}.Release|Win32.ActiveCfg = Release|Win32
		{84289798-EBD8-4884-8B51-3F3B65B2A2D3}.Release|Win32.Build.0 = Release|Win32
	EndGlobalSection
	GlobalSection(SolutionProperties) = preSolution
		HideSolutionNode = FALSE
	EndGlobalSection
	GlobalSection(NestedProjects) = preSolution
		{84289798-EBD8-4884-8B51-3F3B65B2A2D3} = {69836EA5-F0FB-4486-82FE-2B6472C16DED}
	EndGlobalSection
EndGlobal
